
Microsoft Visual Studio Solution File, Format Version 12.00
# Visual Studio Version 16
VisualStudioVersion = 16.0.30907.101
MinimumVisualStudioVersion = 10.0.40219.1
Project("{FAE04EC0-301F-11D3-BF4B-00C04F79EFBC}") = "MobileStore", "MobileStore\MobileStore.csproj", "{84FF47DB-EBCF-491C-BE50-0F4B22B1A41F}"
EndProject
Global
	GlobalSection(SolutionConfigurationPlatforms) = preSolution
		Debug|Any CPU = Debug|Any CPU
		Release|Any CPU = Release|Any CPU
	EndGlobalSection
	GlobalSection(ProjectConfigurationPlatforms) = postSolution
		{84FF47DB-EBCF-491C-BE50-0F4B22B1A41F}.Debug|Any CPU.ActiveCfg = Debug|Any CPU
		{84FF47DB-EBCF-491C-BE50-0F4B22B1A41F}.Debug|Any CPU.Build.0 = Debug|Any CPU
		{84FF47DB-EBCF-491C-BE50-0F4B22B1A41F}.Release|Any CPU.ActiveCfg = Release|Any CPU
		{84FF47DB-EBCF-491C-BE50-0F4B22B1A41F}.Release|Any CPU.Build.0 = Release|Any CPU
	EndGlobalSection
	GlobalSection(SolutionProperties) = preSolution
		HideSolutionNode = FALSE
	EndGlobalSection
	GlobalSection(ExtensibilityGlobals) = postSolution
		SolutionGuid = {F14C7A18-5406-427A-A85A-E978E3AE6B24}
	EndGlobalSection
EndGlobal
